
Microsoft Visual Studio Solution File, Format Version 12.00
# Visual Studio Version 17
VisualStudioVersion = 17.11.35327.3
MinimumVisualStudioVersion = 10.0.40219.1
Project("{E24C65DC-7377-472B-9ABA-BC803B73C61A}") = "factorio-planner-site", ".", "{7C04F463-8893-4FA9-B36C-58E4EA357AD8}"
	ProjectSection(WebsiteProperties) = preProject
		TargetFrameworkMoniker = ".NETFramework,Version%3Dv4.8"
		Debug.AspNetCompiler.VirtualPath = "/localhost_56618"
		Debug.AspNetCompiler.PhysicalPath = "..\factorio-planner-site\"
		Debug.AspNetCompiler.TargetPath = "PrecompiledWeb\localhost_56618\"
		Debug.AspNetCompiler.Updateable = "true"
		Debug.AspNetCompiler.ForceOverwrite = "true"
		Debug.AspNetCompiler.FixedNames = "false"
		Debug.AspNetCompiler.Debug = "True"
		Release.AspNetCompiler.VirtualPath = "/localhost_56618"
		Release.AspNetCompiler.PhysicalPath = "..\factorio-planner-site\"
		Release.AspNetCompiler.TargetPath = "PrecompiledWeb\localhost_56618\"
		Release.AspNetCompiler.Updateable = "true"
		Release.AspNetCompiler.ForceOverwrite = "true"
		Release.AspNetCompiler.FixedNames = "false"
		Release.AspNetCompiler.Debug = "False"
		VWDPort = "56618"
	EndProjectSection
EndProject
Global
	GlobalSection(SolutionConfigurationPlatforms) = preSolution
		Debug|Any CPU = Debug|Any CPU
	EndGlobalSection
	GlobalSection(ProjectConfigurationPlatforms) = postSolution
		{7C04F463-8893-4FA9-B36C-58E4EA357AD8}.Debug|Any CPU.ActiveCfg = Debug|Any CPU
		{7C04F463-8893-4FA9-B36C-58E4EA357AD8}.Debug|Any CPU.Build.0 = Debug|Any CPU
	EndGlobalSection
	GlobalSection(SolutionProperties) = preSolution
		HideSolutionNode = FALSE
	EndGlobalSection
	GlobalSection(ExtensibilityGlobals) = postSolution
		SolutionGuid = {997FA5A8-0888-4EE9-BD48-3738EAF0BBCB}
	EndGlobalSection
EndGlobal
